// !$*UTF8*$!
{
	archiveVersion = 1;
	classes = {
	};
	objectVersion = 46;
	objects = {

/* Begin PBXBuildFile section */
		1AE99B2B1BC6BB7800793769 /* AppDelegate.swift in Sources */ = {isa = PBXBuildFile; fileRef = 1AE99B2A1BC6BB7800793769 /* AppDelegate.swift */; };
		1AE99B2D1BC6BB7800793769 /* Assets.xcassets in Resources */ = {isa = PBXBuildFile; fileRef = 1AE99B2C1BC6BB7800793769 /* Assets.xcassets */; };
		1AE99B301BC6BB7800793769 /* MainMenu.xib in Resources */ = {isa = PBXBuildFile; fileRef = 1AE99B2E1BC6BB7800793769 /* MainMenu.xib */; };
/* End PBXBuildFile section */

/* Begin PBXFileReference section */
		1AE99B271BC6BB7800793769 /* NBody-Metal.app */ = {isa = PBXFileReference; explicitFileType = wrapper.application; includeInIndex = 0; path = "NBody-Metal.app"; sourceTree = BUILT_PRODUCTS_DIR; };
		1AE99B2A1BC6BB7800793769 /* AppDelegate.swift */ = {isa = PBXFileReference; lastKnownFileType = sourcecode.swift; path = AppDelegate.swift; sourceTree = "<group>"; };
		1AE99B2C1BC6BB7800793769 /* Assets.xcassets */ = {isa = PBXFileReference; lastKnownFileType = folder.assetcatalog; path = Assets.xcassets; sourceTree = "<group>"; };
		1AE99B2F1BC6BB7800793769 /* Base */ = {isa = PBXFileReference; lastKnownFileType = file.xib; name = Base; path = Base.lproj/MainMenu.xib; sourceTree = "<group>"; };
		1AE99B311BC6BB7800793769 /* Info.plist */ = {isa = PBXFileReference; lastKnownFileType = text.plist.xml; path = Info.plist; sourceTree = "<group>"; };
/* End PBXFileReference section */

/* Begin PBXFrameworksBuildPhase section */
		1AE99B241BC6BB7800793769 /* Frameworks */ = {
			isa = PBXFrameworksBuildPhase;
			buildActionMask = 2147483647;
			files = (
			);
			runOnlyForDeploymentPostprocessing = 0;
		};
/* End PBXFrameworksBuildPhase section */

/* Begin PBXGroup section */
		1AE99B1E1BC6BB7800793769 = {
			isa = PBXGroup;
			children = (
				1AE99B291BC6BB7800793769 /* NBody-Metal */,
				1AE99B281BC6BB7800793769 /* Products */,
			);
			sourceTree = "<group>";
		};
		1AE99B281BC6BB7800793769 /* Products */ = {
			isa = PBXGroup;
			children = (
				1AE99B271BC6BB7800793769 /* NBody-Metal.app */,
			);
			name = Products;
			sourceTree = "<group>";
		};
		1AE99B291BC6BB7800793769 /* NBody-Metal */ = {
			isa = PBXGroup;
			children = (
				1AE99B2A1BC6BB7800793769 /* AppDelegate.swift */,
				1AE99B2C1BC6BB7800793769 /* Assets.xcassets */,
				1AE99B2E1BC6BB7800793769 /* MainMenu.xib */,
				1AE99B311BC6BB7800793769 /* Info.plist */,
			);
			path = "NBody-Metal";
			sourceTree = "<group>";
		};
/* End PBXGroup section */

/* Begin PBXNativeTarget section */
		1AE99B261BC6BB7800793769 /* NBody-Metal */ = {
			isa = PBXNativeTarget;
			buildConfigurationList = 1AE99B341BC6BB7800793769 /* Build configuration list for PBXNativeTarget "NBody-Metal" */;
			buildPhases = (
				1AE99B231BC6BB7800793769 /* Sources */,
				1AE99B241BC6BB7800793769 /* Frameworks */,
				1AE99B251BC6BB7800793769 /* Resources */,
			);
			buildRules = (
			);
			dependencies = (
			);
			name = "NBody-Metal";
			productName = "NBody-Metal";
			productReference = 1AE99B271BC6BB7800793769 /* NBody-Metal.app */;
			productType = "com.apple.product-type.application";
		};
/* End PBXNativeTarget section */

/* Begin PBXProject section */
		1AE99B1F1BC6BB7800793769 /* Project object */ = {
			isa = PBXProject;
			attributes = {
				LastUpgradeCheck = 0700;
				ORGANIZATIONNAME = "James Price";
				TargetAttributes = {
					1AE99B261BC6BB7800793769 = {
						CreatedOnToolsVersion = 7.0.1;
					};
				};
			};
			buildConfigurationList = 1AE99B221BC6BB7800793769 /* Build configuration list for PBXProject "NBody-Metal" */;
			compatibilityVersion = "Xcode 3.2";
			developmentRegion = English;
			hasScannedForEncodings = 0;
			knownRegions = (
				en,
				Base,
			);
			mainGroup = 1AE99B1E1BC6BB7800793769;
			productRefGroup = 1AE99B281BC6BB7800793769 /* Products */;
			projectDirPath = "";
			projectRoot = "";
			targets = (
				1AE99B261BC6BB7800793769 /* NBody-Metal */,
			);
		};
/* End PBXProject section */

/* Begin PBXResourcesBuildPhase section */
		1AE99B251BC6BB7800793769 /* Resources */ = {
			isa = PBXResourcesBuildPhase;
			buildActionMask = 2147483647;
			files = (
				1AE99B2D1BC6BB7800793769 /* Assets.xcassets in Resources */,
				1AE99B301BC6BB7800793769 /* MainMenu.xib in Resources */,
			);
			runOnlyForDeploymentPostprocessing = 0;
		};
/* End PBXResourcesBuildPhase section */

/* Begin PBXSourcesBuildPhase section */
		1AE99B231BC6BB7800793769 /* Sources */ = {
			isa = PBXSourcesBuildPhase;
			buildActionMask = 2147483647;
			files = (
				1AE99B2B1BC6BB7800793769 /* AppDelegate.swift in Sources */,
			);
			runOnlyForDeploymentPostprocessing = 0;
		};
/* End PBXSourcesBuildPhase section */

/* Begin PBXVariantGroup section */
		1AE99B2E1BC6BB7800793769 /* MainMenu.xib */ = {
			isa = PBXVariantGroup;
			children = (
				1AE99B2F1BC6BB7800793769 /* Base */,
			);
			name = MainMenu.xib;
			sourceTree = "<group>";
		};
/* End PBXVariantGroup section */

/* Begin XCBuildConfiguration section */
		1AE99B321BC6BB7800793769 /* Debug */ = {
			isa = XCBuildConfiguration;
			buildSettings = {
				ALWAYS_SEARCH_USER_PATHS = NO;
				CLANG_CXX_LANGUAGE_STANDARD = "gnu++0x";
				CLANG_CXX_LIBRARY = "libc++";
				CLANG_ENABLE_MODULES = YES;
				CLANG_ENABLE_OBJC_ARC = YES;
				CLANG_WARN_BOOL_CONVERSION = YES;
				CLANG_WARN_CONSTANT_CONVERSION = YES;
				CLANG_WARN_DIRECT_OBJC_ISA_USAGE = YES_ERROR;
				CLANG_WARN_EMPTY_BODY = YES;
				CLANG_WARN_ENUM_CONVERSION = YES;
				CLANG_WARN_INT_CONVERSION = YES;
				CLANG_WARN_OBJC_ROOT_CLASS = YES_ERROR;
				CLANG_WARN_UNREACHABLE_CODE = YES;
				CLANG_WARN__DUPLICATE_METHOD_MATCH = YES;
				CODE_SIGN_IDENTITY = "-";
				COPY_PHASE_STRIP = NO;
				DEBUG_INFORMATION_FORMAT = dwarf;
				ENABLE_STRICT_OBJC_MSGSEND = YES;
				ENABLE_TESTABILITY = YES;
				GCC_C_LANGUAGE_STANDARD = gnu99;
				GCC_DYNAMIC_NO_PIC = NO;
				GCC_NO_COMMON_BLOCKS = YES;
				GCC_OPTIMIZATION_LEVEL = 0;
				GCC_PREPROCESSOR_DEFINITIONS = (
					"DEBUG=1",
					"$(inherited)",
				);
				GCC_WARN_64_TO_32_BIT_CONVERSION = YES;
				GCC_WARN_ABOUT_RETURN_TYPE = YES_ERROR;
				GCC_WARN_UNDECLARED_SELECTOR = YES;
				GCC_WARN_UNINITIALIZED_AUTOS = YES_AGGRESSIVE;
				GCC_WARN_UNUSED_FUNCTION = YES;
				GCC_WARN_UNUSED_VARIABLE = YES;
				MACOSX_DEPLOYMENT_TARGET = 10.11;
				MTL_ENABLE_DEBUG_INFO = YES;
				ONLY_ACTIVE_ARCH = YES;
				SDKROOT = macosx;
				SWIFT_OPTIMIZATION_LEVEL = "-Onone";
			};
			name = Debug;
		};
		1AE99B331BC6BB7800793769 /* Release */ = {
			isa = XCBuildConfiguration;
			buildSettings = {
				ALWAYS_SEARCH_USER_PATHS = NO;
				CLANG_CXX_LANGUAGE_STANDARD = "gnu++0x";
				CLANG_CXX_LIBRARY = "libc++";
				CLANG_ENABLE_MODULES = YES;
				CLANG_ENABLE_OBJC_ARC = YES;
				CLANG_WARN_BOOL_CONVERSION = YES;
				CLANG_WARN_CONSTANT_CONVERSION = YES;
				CLANG_WARN_DIRECT_OBJC_ISA_USAGE = YES_ERROR;
				CLANG_WARN_EMPTY_BODY = YES;
				CLANG_WARN_ENUM_CONVERSION = YES;
				CLANG_WARN_INT_CONVERSION = YES;
				CLANG_WARN_OBJC_ROOT_CLASS = YES_ERROR;
				CLANG_WARN_UNREACHABLE_CODE = YES;
				CLANG_WARN__DUPLICATE_METHOD_MATCH = YES;
				CODE_SIGN_IDENTITY = "-";
				COPY_PHASE_STRIP = NO;
				DEBUG_INFORMATION_FORMAT = "dwarf-with-dsym";
				ENABLE_NS_ASSERTIONS = NO;
				ENABLE_STRICT_OBJC_MSGSEND = YES;
				GCC_C_LANGUAGE_STANDARD = gnu99;
				GCC_NO_COMMON_BLOCKS = YES;
				GCC_WARN_64_TO_32_BIT_CONVERSION = YES;
				GCC_WARN_ABOUT_RETURN_TYPE = YES_ERROR;
				GCC_WARN_UNDECLARED_SELECTOR = YES;
				GCC_WARN_UNINITIALIZED_AUTOS = YES_AGGRESSIVE;
				GCC_WARN_UNUSED_FUNCTION = YES;
				GCC_WARN_UNUSED_VARIABLE = YES;
				MACOSX_DEPLOYMENT_TARGET = 10.11;
				MTL_ENABLE_DEBUG_INFO = NO;
				SDKROOT = macosx;
			};
			name = Release;
		};
		1AE99B351BC6BB7800793769 /* Debug */ = {
			isa = XCBuildConfiguration;
			buildSettings = {
				ASSETCATALOG_COMPILER_APPICON_NAME = AppIcon;
				COMBINE_HIDPI_IMAGES = YES;
				INFOPLIST_FILE = "NBody-Metal/Info.plist";
				LD_RUNPATH_SEARCH_PATHS = "$(inherited) @executable_path/../Frameworks";
				PRODUCT_BUNDLE_IDENTIFIER = "com.uob.NBody-Metal";
				PRODUCT_NAME = "$(TARGET_NAME)";
			};
			name = Debug;
		};
		1AE99B361BC6BB7800793769 /* Release */ = {
			isa = XCBuildConfiguration;
			buildSettings = {
				ASSETCATALOG_COMPILER_APPICON_NAME = AppIcon;
				COMBINE_HIDPI_IMAGES = YES;
				INFOPLIST_FILE = "NBody-Metal/Info.plist";
				LD_RUNPATH_SEARCH_PATHS = "$(inherited) @executable_path/../Frameworks";
				PRODUCT_BUNDLE_IDENTIFIER = "com.uob.NBody-Metal";
				PRODUCT_NAME = "$(TARGET_NAME)";
			};
			name = Release;
		};
/* End XCBuildConfiguration section */

/* Begin XCConfigurationList section */
		1AE99B221BC6BB7800793769 /* Build configuration list for PBXProject "NBody-Metal" */ = {
			isa = XCConfigurationList;
			buildConfigurations = (
				1AE99B321BC6BB7800793769 /* Debug */,
				1AE99B331BC6BB7800793769 /* Release */,
			);
			defaultConfigurationIsVisible = 0;
			defaultConfigurationName = Release;
		};
		1AE99B341BC6BB7800793769 /* Build configuration list for PBXNativeTarget "NBody-Metal" */ = {
			isa = XCConfigurationList;
			buildConfigurations = (
				1AE99B351BC6BB7800793769 /* Debug */,
				1AE99B361BC6BB7800793769 /* Release */,
			);
			defaultConfigurationIsVisible = 0;
		};
/* End XCConfigurationList section */
	};
	rootObject = 1AE99B1F1BC6BB7800793769 /* Project object */;
}
